{
    "_readme": [
        "This file locks the dependencies of your project to a known state",
        "Read more about it at http://getcomposer.org/doc/01-basic-usage.md#composer-lock-the-lock-file"
    ],
    "hash": "5f02e3bd22016f1f22ff465fc1cdfb5d",
    "packages": [
        {
            "name": "cubex/framework",
            "version": "dev-master",
            "source": {
                "type": "git",
                "url": "https://github.com/cubex/framework.git",
                "reference": "37d6322208f95ba1c32dd4e5452caa06e368a55f"
            },
            "dist": {
                "type": "zip",
                "url": "https://api.github.com/repos/cubex/framework/zipball/37d6322208f95ba1c32dd4e5452caa06e368a55f",
                "reference": "37d6322208f95ba1c32dd4e5452caa06e368a55f",
                "shasum": ""
            },
            "require": {
                "illuminate/container": "4.1.*",
                "illuminate/support": "4.1.*",
                "monolog/monolog": "1.7.*",
                "packaged/config": "0.0.*",
                "packaged/figlet": "0.*",
                "packaged/helpers": "0.0.*",
                "php": ">=5.4.0",
                "phpdocumentor/reflection-docblock": "2.0.*",
                "psr/log": "1.0.*",
                "symfony/console": "2.4.*",
                "symfony/http-foundation": "2.4.*",
                "symfony/http-kernel": "2.4.*"
            },
            "require-dev": {
                "mockery/mockery": "*",
                "phpunit/phpunit": "*",
                "stack/builder": "1.0.*"
            },
            "type": "library",
            "autoload": {
                "psr-4": {
                    "Cubex\\": "src/"
                }
            },
            "notification-url": "https://packagist.org/downloads/",
            "license": [
                "BSD-3-Clause"
            ],
            "authors": [
                {
                    "name": "Brooke Bryan",
                    "email": "brooke@bajb.net",
                    "homepage": "http://www.bajb.net",
                    "role": "Developer"
                }
            ],
            "description": "Cubex Framework",
            "homepage": "http://cubex.io",
            "keywords": [
                "cubex",
                "framework"
            ],
            "time": "2014-04-07 13:28:21"
        },
        {
            "name": "illuminate/container",
            "version": "4.1.x-dev",
            "target-dir": "Illuminate/Container",
            "source": {
                "type": "git",
                "url": "https://github.com/illuminate/container.git",
                "reference": "808e0b75d97c22b072d8235d22fcd424be1d8893"
            },
            "dist": {
                "type": "zip",
                "url": "https://api.github.com/repos/illuminate/container/zipball/808e0b75d97c22b072d8235d22fcd424be1d8893",
                "reference": "808e0b75d97c22b072d8235d22fcd424be1d8893",
                "shasum": ""
            },
            "require": {
                "php": ">=5.3.0"
            },
            "require-dev": {
                "phpunit/phpunit": "4.0.*"
            },
            "type": "library",
            "extra": {
                "branch-alias": {
                    "dev-master": "4.1-dev"
                }
            },
            "autoload": {
                "psr-0": {
                    "Illuminate\\Container": ""
                }
            },
            "notification-url": "https://packagist.org/downloads/",
            "license": [
                "MIT"
            ],
            "authors": [
                {
                    "name": "Taylor Otwell",
                    "email": "taylorotwell@gmail.com",
                    "homepage": "https://github.com/taylorotwell",
                    "role": "Developer"
                }
            ],
            "time": "2014-04-19 16:36:35"
        },
        {
            "name": "illuminate/support",
            "version": "4.1.x-dev",
            "target-dir": "Illuminate/Support",
            "source": {
                "type": "git",
                "url": "https://github.com/illuminate/support.git",
                "reference": "c9d3e6dc1d5bdd5e48b651e52e1fc4bc4e582e56"
            },
            "dist": {
                "type": "zip",
                "url": "https://api.github.com/repos/illuminate/support/zipball/c9d3e6dc1d5bdd5e48b651e52e1fc4bc4e582e56",
                "reference": "c9d3e6dc1d5bdd5e48b651e52e1fc4bc4e582e56",
                "shasum": ""
            },
            "require": {
                "php": ">=5.3.0"
            },
            "require-dev": {
                "jeremeamia/superclosure": "1.0.*",
                "mockery/mockery": "0.9.*",
                "patchwork/utf8": "1.1.*",
                "phpunit/phpunit": "4.0.*"
            },
            "type": "library",
            "extra": {
                "branch-alias": {
                    "dev-master": "4.1-dev"
                }
            },
            "autoload": {
                "psr-0": {
                    "Illuminate\\Support": ""
                },
                "files": [
                    "Illuminate/Support/helpers.php"
                ]
            },
            "notification-url": "https://packagist.org/downloads/",
            "license": [
                "MIT"
            ],
            "authors": [
                {
                    "name": "Taylor Otwell",
                    "email": "taylorotwell@gmail.com",
                    "homepage": "https://github.com/taylorotwell",
                    "role": "Developer"
                }
            ],
            "time": "2014-04-19 16:36:35"
        },
        {
            "name": "monolog/monolog",
            "version": "1.7.0",
            "source": {
                "type": "git",
                "url": "https://github.com/Seldaek/monolog.git",
                "reference": "6225b22de9dcf36546be3a0b2fa8e3d986153f57"
            },
            "dist": {
                "type": "zip",
                "url": "https://api.github.com/repos/Seldaek/monolog/zipball/6225b22de9dcf36546be3a0b2fa8e3d986153f57",
                "reference": "6225b22de9dcf36546be3a0b2fa8e3d986153f57",
                "shasum": ""
            },
            "require": {
                "php": ">=5.3.0",
                "psr/log": "~1.0"
            },
            "require-dev": {
                "aws/aws-sdk-php": "~2.4.8",
                "doctrine/couchdb": "dev-master",
                "mlehner/gelf-php": "1.0.*",
                "phpunit/phpunit": "~3.7.0",
                "raven/raven": "0.5.*",
                "ruflin/elastica": "0.90.*"
            },
            "suggest": {
                "aws/aws-sdk-php": "Allow sending log messages to AWS services like DynamoDB",
                "doctrine/couchdb": "Allow sending log messages to a CouchDB server",
                "ext-amqp": "Allow sending log messages to an AMQP server (1.0+ required)",
                "ext-mongo": "Allow sending log messages to a MongoDB server",
                "mlehner/gelf-php": "Allow sending log messages to a GrayLog2 server",
                "raven/raven": "Allow sending log messages to a Sentry server",
                "ruflin/elastica": "Allow sending log messages to an Elastic Search server"
            },
            "type": "library",
            "extra": {
                "branch-alias": {
                    "dev-master": "1.7.x-dev"
                }
            },
            "autoload": {
                "psr-0": {
                    "Monolog": "src/"
                }
            },
            "notification-url": "https://packagist.org/downloads/",
            "license": [
                "MIT"
            ],
            "authors": [
                {
                    "name": "Jordi Boggiano",
                    "email": "j.boggiano@seld.be",
                    "homepage": "http://seld.be",
                    "role": "Developer"
                }
            ],
            "description": "Sends your logs to files, sockets, inboxes, databases and various web services",
            "homepage": "http://github.com/Seldaek/monolog",
            "keywords": [
                "log",
                "logging",
                "psr-3"
            ],
            "time": "2013-11-14 19:48:31"
        },
        {
            "name": "packaged/config",
            "version": "0.0.2",
            "source": {
                "type": "git",
                "url": "https://github.com/packaged/config.git",
                "reference": "4e4a0b552fd1487c7ee7722e636efb4bf345c994"
            },
            "dist": {
                "type": "zip",
                "url": "https://api.github.com/repos/packaged/config/zipball/4e4a0b552fd1487c7ee7722e636efb4bf345c994",
                "reference": "4e4a0b552fd1487c7ee7722e636efb4bf345c994",
                "shasum": ""
            },
            "require": {
                "php": ">=5.4.0"
            },
            "type": "library",
            "autoload": {
                "psr-4": {
                    "Packaged\\Config\\": "src"
                }
            },
            "notification-url": "https://packagist.org/downloads/",
            "license": [
                "MIT"
            ],
            "authors": [
                {
                    "name": "Brooke Bryan",
                    "email": "brooke@bajb.net",
                    "homepage": "http://www.bajb.net",
                    "role": "Developer"
                }
            ],
            "time": "2014-03-03 17:41:24"
        },
        {
            "name": "packaged/dispatch",
            "version": "dev-master",
            "source": {
                "type": "git",
                "url": "https://github.com/packaged/dispatch.git",
                "reference": "fafb22b177ad943b7571043a24c09377ff0cfddb"
            },
            "dist": {
                "type": "zip",
                "url": "https://api.github.com/repos/packaged/dispatch/zipball/fafb22b177ad943b7571043a24c09377ff0cfddb",
                "reference": "fafb22b177ad943b7571043a24c09377ff0cfddb",
                "shasum": ""
            },
            "require": {
                "packaged/config": "0.0.*",
                "packaged/helpers": "0.0.*",
                "php": ">=5.4.0",
                "symfony/console": "2.4.*",
                "symfony/http-kernel": "2.4.*"
            },
            "require-dev": {
                "phpunit/phpunit": "*"
            },
            "bin": [
                "bin/dispatch"
            ],
            "type": "library",
            "autoload": {
                "psr-4": {
                    "Packaged\\Dispatch\\": "src"
                }
            },
            "notification-url": "https://packagist.org/downloads/",
            "license": [
                "MIT"
            ],
            "authors": [
                {
                    "name": "Brooke Bryan",
                    "email": "brooke@bajb.net",
                    "homepage": "http://www.bajb.net",
                    "role": "Developer"
                }
            ],
            "time": "2014-04-04 14:46:22"
        },
        {
            "name": "packaged/figlet",
            "version": "0.1",
            "source": {
                "type": "git",
                "url": "https://github.com/packaged/figlet.git",
                "reference": "2f4e2c36fa840ecdaf5667034297342596fd0efd"
            },
            "dist": {
                "type": "zip",
                "url": "https://api.github.com/repos/packaged/figlet/zipball/2f4e2c36fa840ecdaf5667034297342596fd0efd",
                "reference": "2f4e2c36fa840ecdaf5667034297342596fd0efd",
                "shasum": ""
            },
            "type": "library",
            "autoload": {
                "psr-4": {
                    "Packaged\\Figlet\\": "src/"
                }
            },
            "notification-url": "https://packagist.org/downloads/",
            "license": [
                "BSD-3-Clause"
            ],
            "authors": [
                {
                    "name": "Brooke Bryan",
                    "email": "brooke@bajb.net",
                    "homepage": "http://www.bajb.net",
                    "role": "Developer"
                }
            ],
            "description": "Figlet Text Render",
            "homepage": "http://packaged.in/figlet",
            "keywords": [
                "figlet",
                "font"
            ],
            "time": "2014-02-20 14:54:57"
        },
        {
            "name": "packaged/helpers",
            "version": "0.0.1",
            "source": {
                "type": "git",
                "url": "https://github.com/packaged/helpers.git",
                "reference": "56357e5673a46a34dbf2d544f8f4c8c679d0c4ba"
            },
            "dist": {
                "type": "zip",
                "url": "https://api.github.com/repos/packaged/helpers/zipball/56357e5673a46a34dbf2d544f8f4c8c679d0c4ba",
                "reference": "56357e5673a46a34dbf2d544f8f4c8c679d0c4ba",
                "shasum": ""
            },
            "require": {
                "php": ">=5.4.0"
            },
            "type": "library",
            "autoload": {
                "files": [
                    "src/GlobalFunctions.php",
                    "src/Phutil.php"
                ],
                "psr-0": {
                    "Packaged\\Helpers": "src"
                }
            },
            "notification-url": "https://packagist.org/downloads/",
            "license": [
                "MIT"
            ],
            "authors": [
                {
                    "name": "Brooke Bryan",
                    "email": "brooke@bajb.net",
                    "homepage": "http://www.bajb.net",
                    "role": "Developer"
                }
            ],
            "time": "2014-02-12 18:23:09"
        },
        {
            "name": "phpdocumentor/reflection-docblock",
            "version": "dev-master",
            "source": {
                "type": "git",
                "url": "https://github.com/phpDocumentor/ReflectionDocBlock.git",
                "reference": "66a7d3bf3165856b0635f9c2ea7590f00c4f017e"
            },
            "dist": {
                "type": "zip",
                "url": "https://api.github.com/repos/phpDocumentor/ReflectionDocBlock/zipball/66a7d3bf3165856b0635f9c2ea7590f00c4f017e",
                "reference": "66a7d3bf3165856b0635f9c2ea7590f00c4f017e",
                "shasum": ""
            },
            "require": {
                "php": ">=5.3.3"
            },
            "require-dev": {
                "phpunit/phpunit": "3.7.*@stable"
            },
            "suggest": {
                "dflydev/markdown": "1.0.*",
                "erusev/parsedown": "~0.7"
            },
            "type": "library",
            "extra": {
                "branch-alias": {
                    "dev-master": "2.0.x-dev"
                }
            },
            "autoload": {
                "psr-0": {
                    "phpDocumentor": [
                        "src/"
                    ]
                }
            },
            "notification-url": "https://packagist.org/downloads/",
            "license": [
                "MIT"
            ],
            "authors": [
                {
                    "name": "Mike van Riel",
                    "email": "mike.vanriel@naenius.com"
                }
            ],
            "time": "2014-03-16 12:31:01"
        },
        {
            "name": "psr/log",
            "version": "dev-master",
            "source": {
                "type": "git",
                "url": "https://github.com/php-fig/log.git",
                "reference": "a78d6504ff5d4367497785ab2ade91db3a9fbe11"
            },
            "dist": {
                "type": "zip",
                "url": "https://api.github.com/repos/php-fig/log/zipball/a78d6504ff5d4367497785ab2ade91db3a9fbe11",
                "reference": "a78d6504ff5d4367497785ab2ade91db3a9fbe11",
                "shasum": ""
            },
            "type": "library",
            "extra": {
                "branch-alias": {
                    "dev-master": "1.0.x-dev"
                }
            },
            "autoload": {
                "psr-0": {
                    "Psr\\Log\\": ""
                }
            },
            "notification-url": "https://packagist.org/downloads/",
            "license": [
                "MIT"
            ],
            "authors": [
                {
                    "name": "PHP-FIG",
                    "homepage": "http://www.php-fig.org/"
                }
            ],
            "description": "Common interface for logging libraries",
            "keywords": [
                "log",
                "psr",
                "psr-3"
            ],
            "time": "2014-01-18 15:33:09"
        },
        {
            "name": "stack/builder",
            "version": "dev-master",
            "source": {
                "type": "git",
                "url": "https://github.com/stackphp/builder.git",
                "reference": "b4af43e7b7f3f7fac919ff475b29f7c5dc7b23b7"
            },
            "dist": {
                "type": "zip",
                "url": "https://api.github.com/repos/stackphp/builder/zipball/b4af43e7b7f3f7fac919ff475b29f7c5dc7b23b7",
                "reference": "b4af43e7b7f3f7fac919ff475b29f7c5dc7b23b7",
                "shasum": ""
            },
            "require": {
                "php": ">=5.3.0",
                "symfony/http-foundation": "~2.1",
                "symfony/http-kernel": "~2.1"
            },
            "require-dev": {
                "silex/silex": "~1.0"
            },
            "type": "library",
            "extra": {
                "branch-alias": {
                    "dev-master": "1.0-dev"
                }
            },
            "autoload": {
                "psr-0": {
                    "Stack": "src"
                }
            },
            "notification-url": "https://packagist.org/downloads/",
            "license": [
                "MIT"
            ],
            "authors": [
                {
                    "name": "Igor Wiedler",
                    "email": "igor@wiedler.ch",
                    "homepage": "http://wiedler.ch/igor/"
                }
            ],
            "description": "Builder for stack middlewares based on HttpKernelInterface.",
            "keywords": [
                "stack"
            ],
            "time": "2014-01-28 19:42:24"
        },
        {
            "name": "symfony/console",
            "version": "2.4.x-dev",
            "target-dir": "Symfony/Component/Console",
            "source": {
                "type": "git",
                "url": "https://github.com/symfony/Console.git",
                "reference": "ce0fad2e725d198bd94b33affb7fa1fef085b15f"
            },
            "dist": {
                "type": "zip",
                "url": "https://api.github.com/repos/symfony/Console/zipball/ce0fad2e725d198bd94b33affb7fa1fef085b15f",
                "reference": "ce0fad2e725d198bd94b33affb7fa1fef085b15f",
                "shasum": ""
            },
            "require": {
                "php": ">=5.3.3"
            },
            "require-dev": {
                "symfony/event-dispatcher": "~2.1"
            },
            "suggest": {
                "symfony/event-dispatcher": ""
            },
            "type": "library",
            "extra": {
                "branch-alias": {
                    "dev-master": "2.4-dev"
                }
            },
            "autoload": {
                "psr-0": {
                    "Symfony\\Component\\Console\\": ""
                }
            },
            "notification-url": "https://packagist.org/downloads/",
            "license": [
                "MIT"
            ],
            "authors": [
                {
                    "name": "Fabien Potencier",
                    "email": "fabien@symfony.com",
                    "homepage": "http://fabien.potencier.org",
                    "role": "Lead Developer"
                },
                {
                    "name": "Symfony Community",
                    "homepage": "http://symfony.com/contributors"
                }
            ],
            "description": "Symfony Console Component",
            "homepage": "http://symfony.com",
            "time": "2014-04-16 10:34:42"
        },
        {
            "name": "symfony/debug",
            "version": "dev-master",
            "target-dir": "Symfony/Component/Debug",
            "source": {
                "type": "git",
                "url": "https://github.com/symfony/Debug.git",
                "reference": "88a4b49c968137378f1257bd107fd13c0a7d15c3"
            },
            "dist": {
                "type": "zip",
                "url": "https://api.github.com/repos/symfony/Debug/zipball/88a4b49c968137378f1257bd107fd13c0a7d15c3",
                "reference": "88a4b49c968137378f1257bd107fd13c0a7d15c3",
                "shasum": ""
            },
            "require": {
                "php": ">=5.3.3"
            },
            "require-dev": {
                "symfony/http-foundation": "~2.1",
                "symfony/http-kernel": "~2.1"
            },
            "suggest": {
                "symfony/http-foundation": "",
                "symfony/http-kernel": ""
            },
            "type": "library",
            "extra": {
                "branch-alias": {
                    "dev-master": "2.5-dev"
                }
            },
            "autoload": {
                "psr-0": {
                    "Symfony\\Component\\Debug\\": ""
                }
            },
            "notification-url": "https://packagist.org/downloads/",
            "license": [
                "MIT"
            ],
            "authors": [
                {
                    "name": "Fabien Potencier",
                    "email": "fabien@symfony.com",
                    "homepage": "http://fabien.potencier.org",
                    "role": "Lead Developer"
                },
                {
                    "name": "Symfony Community",
                    "homepage": "http://symfony.com/contributors"
                }
            ],
            "description": "Symfony Debug Component",
            "homepage": "http://symfony.com",
            "time": "2014-04-19 08:12:16"
        },
        {
            "name": "symfony/event-dispatcher",
            "version": "dev-master",
            "target-dir": "Symfony/Component/EventDispatcher",
            "source": {
                "type": "git",
                "url": "https://github.com/symfony/EventDispatcher.git",
                "reference": "133627e57441b50128807702bea0d395129809ad"
            },
            "dist": {
                "type": "zip",
                "url": "https://api.github.com/repos/symfony/EventDispatcher/zipball/133627e57441b50128807702bea0d395129809ad",
                "reference": "133627e57441b50128807702bea0d395129809ad",
                "shasum": ""
            },
            "require": {
                "php": ">=5.3.3"
            },
            "require-dev": {
                "psr/log": "~1.0",
                "symfony/dependency-injection": "~2.0",
                "symfony/stopwatch": "~2.2"
            },
            "suggest": {
                "symfony/dependency-injection": "",
                "symfony/http-kernel": ""
            },
            "type": "library",
            "extra": {
                "branch-alias": {
                    "dev-master": "2.5-dev"
                }
            },
            "autoload": {
                "psr-0": {
                    "Symfony\\Component\\EventDispatcher\\": ""
                }
            },
            "notification-url": "https://packagist.org/downloads/",
            "license": [
                "MIT"
            ],
            "authors": [
                {
                    "name": "Fabien Potencier",
                    "email": "fabien@symfony.com",
                    "homepage": "http://fabien.potencier.org",
                    "role": "Lead Developer"
                },
                {
                    "name": "Symfony Community",
                    "homepage": "http://symfony.com/contributors"
                }
            ],
            "description": "Symfony EventDispatcher Component",
            "homepage": "http://symfony.com",
            "time": "2014-04-16 10:36:21"
        },
        {
            "name": "symfony/http-foundation",
            "version": "2.4.x-dev",
            "target-dir": "Symfony/Component/HttpFoundation",
            "source": {
                "type": "git",
                "url": "https://github.com/symfony/HttpFoundation.git",
                "reference": "22c4dee84271ad0cd08d19f26d89f2878e11159b"
            },
            "dist": {
                "type": "zip",
                "url": "https://api.github.com/repos/symfony/HttpFoundation/zipball/22c4dee84271ad0cd08d19f26d89f2878e11159b",
                "reference": "22c4dee84271ad0cd08d19f26d89f2878e11159b",
                "shasum": ""
            },
            "require": {
                "php": ">=5.3.3"
            },
            "require-dev": {
                "symfony/expression-language": "~2.4"
            },
            "type": "library",
            "extra": {
                "branch-alias": {
                    "dev-master": "2.4-dev"
                }
            },
            "autoload": {
                "psr-0": {
                    "Symfony\\Component\\HttpFoundation\\": ""
                },
                "classmap": [
                    "Symfony/Component/HttpFoundation/Resources/stubs"
                ]
            },
            "notification-url": "https://packagist.org/downloads/",
            "license": [
                "MIT"
            ],
            "authors": [
                {
                    "name": "Fabien Potencier",
                    "email": "fabien@symfony.com",
                    "homepage": "http://fabien.potencier.org",
                    "role": "Lead Developer"
                },
                {
                    "name": "Symfony Community",
                    "homepage": "http://symfony.com/contributors"
                }
            ],
            "description": "Symfony HttpFoundation Component",
            "homepage": "http://symfony.com",
            "time": "2014-04-18 21:02:05"
        },
        {
            "name": "symfony/http-kernel",
            "version": "2.4.x-dev",
            "target-dir": "Symfony/Component/HttpKernel",
            "source": {
                "type": "git",
                "url": "https://github.com/symfony/HttpKernel.git",
                "reference": "ab2b23f9b5a868ba35196a73b7c5ba1e312eee88"
            },
            "dist": {
                "type": "zip",
                "url": "https://api.github.com/repos/symfony/HttpKernel/zipball/ab2b23f9b5a868ba35196a73b7c5ba1e312eee88",
                "reference": "ab2b23f9b5a868ba35196a73b7c5ba1e312eee88",
                "shasum": ""
            },
            "require": {
                "php": ">=5.3.3",
                "psr/log": "~1.0",
                "symfony/debug": "~2.3",
                "symfony/event-dispatcher": "~2.1",
                "symfony/http-foundation": "~2.4"
            },
            "require-dev": {
                "symfony/browser-kit": "~2.2",
                "symfony/class-loader": "~2.1",
                "symfony/config": "~2.0",
                "symfony/console": "~2.2",
                "symfony/dependency-injection": "~2.0",
                "symfony/finder": "~2.0",
                "symfony/process": "~2.0",
                "symfony/routing": "~2.2",
                "symfony/stopwatch": "~2.2",
                "symfony/templating": "~2.2"
            },
            "suggest": {
                "symfony/browser-kit": "",
                "symfony/class-loader": "",
                "symfony/config": "",
                "symfony/console": "",
                "symfony/dependency-injection": "",
                "symfony/finder": ""
            },
            "type": "library",
            "extra": {
                "branch-alias": {
                    "dev-master": "2.4-dev"
                }
            },
            "autoload": {
                "psr-0": {
                    "Symfony\\Component\\HttpKernel\\": ""
                }
            },
            "notification-url": "https://packagist.org/downloads/",
            "license": [
                "MIT"
            ],
            "authors": [
                {
                    "name": "Fabien Potencier",
                    "email": "fabien@symfony.com",
                    "homepage": "http://fabien.potencier.org",
                    "role": "Lead Developer"
                },
                {
                    "name": "Symfony Community",
                    "homepage": "http://symfony.com/contributors"
                }
            ],
            "description": "Symfony HttpKernel Component",
            "homepage": "http://symfony.com",
            "time": "2014-04-18 20:41:38"
        }
    ],
    "packages-dev": [

    ],
    "aliases": [

    ],
    "minimum-stability": "dev",
    "stability-flags": [

    ],
    "platform": [

    ],
    "platform-dev": [

    ]
}
